
Microsoft Visual Studio Solution File, Format Version 12.00
# Visual Studio Version 17
VisualStudioVersion = 17.0.31912.275
MinimumVisualStudioVersion = 10.0.40219.1
Project("{FAE04EC0-301F-11D3-BF4B-00C04F79EFBC}") = "ConsoleApp2", "ConsoleApp2.csproj", "{52B2E5CA-B833-4E21-8599-00A4321FD0AD}"
EndProject
Global
	GlobalSection(SolutionConfigurationPlatforms) = preSolution
		Debug|Any CPU = Debug|Any CPU
		Release|Any CPU = Release|Any CPU
	EndGlobalSection
	GlobalSection(ProjectConfigurationPlatforms) = postSolution
		{52B2E5CA-B833-4E21-8599-00A4321FD0AD}.Debug|Any CPU.ActiveCfg = Debug|Any CPU
		{52B2E5CA-B833-4E21-8599-00A4321FD0AD}.Debug|Any CPU.Build.0 = Debug|Any CPU
		{52B2E5CA-B833-4E21-8599-00A4321FD0AD}.Release|Any CPU.ActiveCfg = Release|Any CPU
		{52B2E5CA-B833-4E21-8599-00A4321FD0AD}.Release|Any CPU.Build.0 = Release|Any CPU
	EndGlobalSection
	GlobalSection(SolutionProperties) = preSolution
		HideSolutionNode = FALSE
	EndGlobalSection
	GlobalSection(ExtensibilityGlobals) = postSolution
		SolutionGuid = {E58760C4-A061-4FB5-8E32-B6CF415941DA}
	EndGlobalSection
EndGlobal
